{
  "originHash" : "f10b39b7f178eb537b8d2d77b2e1b5e25ddea9f011584d997d19d05b0e9af32c",
  "pins" : [
    {
      "identity" : "swift-docc-plugin",
      "kind" : "remoteSourceControl",
      "location" : "https://github.com/apple/swift-docc-plugin",
      "state" : {
        "revision" : "3e4f133a77e644a5812911a0513aeb7288b07d06",
        "version" : "1.4.5"
      }
    },
    {
      "identity" : "swift-docc-symbolkit",
      "kind" : "remoteSourceControl",
      "location" : "https://github.com/swiftlang/swift-docc-symbolkit",
      "state" : {
        "revision" : "b45d1f2ed151d057b54504d653e0da5552844e34",
        "version" : "1.0.0"
      }
    },
    {
      "identity" : "swiftlintplugins",
      "kind" : "remoteSourceControl",
      "location" : "https://github.com/simplydanny/swiftlintplugins",
      "state" : {
        "revision" : "707f7face5524fe918f82dd39c5c80cb3e591a44",
        "version" : "0.63.0"
      }
    }
  ],
  "version" : 3
}
