{
  "originHash" : "b179b0f795800eda1f34a8e7e187689fe6586a41643bff49d68ff1d9c0815374",
  "pins" : [
    {
      "identity" : "swift-docc-plugin",
      "kind" : "remoteSourceControl",
      "location" : "https://github.com/apple/swift-docc-plugin",
      "state" : {
        "revision" : "e977f65879f82b375a044c8837597f690c067da6",
        "version" : "1.4.6"
      }
    },
    {
      "identity" : "swift-docc-symbolkit",
      "kind" : "remoteSourceControl",
      "location" : "https://github.com/swiftlang/swift-docc-symbolkit",
      "state" : {
        "revision" : "b45d1f2ed151d057b54504d653e0da5552844e34",
        "version" : "1.0.0"
      }
    },
    {
      "identity" : "swiftformatplugin",
      "kind" : "remoteSourceControl",
      "location" : "https://github.com/HeirloomLogic/SwiftFormatPlugin.git",
      "state" : {
        "revision" : "5b13b7f0f9f427ab75f883021f28d38a2379117a",
        "version" : "1.1.0"
      }
    }
  ],
  "version" : 3
}
