{
  "originHash" : "dcbe3bc4b5ad81502c299b193dd9ed854ca59af220c42ea6b5bd8462a124626b",
  "pins" : [
    {
      "identity" : "swift-docc-plugin",
      "kind" : "remoteSourceControl",
      "location" : "https://github.com/apple/swift-docc-plugin",
      "state" : {
        "revision" : "e977f65879f82b375a044c8837597f690c067da6",
        "version" : "1.4.6"
      }
    },
    {
      "identity" : "swift-docc-symbolkit",
      "kind" : "remoteSourceControl",
      "location" : "https://github.com/swiftlang/swift-docc-symbolkit",
      "state" : {
        "revision" : "b45d1f2ed151d057b54504d653e0da5552844e34",
        "version" : "1.0.0"
      }
    },
    {
      "identity" : "swiftformatplugin",
      "kind" : "remoteSourceControl",
      "location" : "https://github.com/HeirloomLogic/SwiftFormatPlugin.git",
      "state" : {
        "revision" : "fc72c8b0eed263597f2f9621137469fc67fe4c3c",
        "version" : "1.2.0"
      }
    }
  ],
  "version" : 3
}
